
Microsoft Visual Studio Solution File, Format Version 12.00
# Visual Studio Version 17
VisualStudioVersion = 17.1.32407.343
MinimumVisualStudioVersion = 10.0.40219.1
Project("{FAE04EC0-301F-11D3-BF4B-00C04F79EFBC}") = "EdoTwo", "EdoTwo\EdoTwo.csproj", "{FC963217-BEF9-47AC-9FD8-5B75CFE023AD}"
EndProject
Global
	GlobalSection(SolutionConfigurationPlatforms) = preSolution
		Debug|Any CPU = Debug|Any CPU
		Release|Any CPU = Release|Any CPU
	EndGlobalSection
	GlobalSection(ProjectConfigurationPlatforms) = postSolution
		{FC963217-BEF9-47AC-9FD8-5B75CFE023AD}.Debug|Any CPU.ActiveCfg = Debug|Any CPU
		{FC963217-BEF9-47AC-9FD8-5B75CFE023AD}.Debug|Any CPU.Build.0 = Debug|Any CPU
		{FC963217-BEF9-47AC-9FD8-5B75CFE023AD}.Release|Any CPU.ActiveCfg = Release|Any CPU
		{FC963217-BEF9-47AC-9FD8-5B75CFE023AD}.Release|Any CPU.Build.0 = Release|Any CPU
	EndGlobalSection
	GlobalSection(SolutionProperties) = preSolution
		HideSolutionNode = FALSE
	EndGlobalSection
	GlobalSection(ExtensibilityGlobals) = postSolution
		SolutionGuid = {9816B95B-6458-4BB1-B3F7-6D082B8D3FD1}
	EndGlobalSection
EndGlobal
